
Microsoft Visual Studio Solution File, Format Version 12.00
# Visual Studio Express 15 for Windows Desktop
VisualStudioVersion = 15.0.28307.1321
MinimumVisualStudioVersion = 10.0.40219.1
Project("{FAE04EC0-301F-11D3-BF4B-00C04F79EFBC}") = "ConsoleApp3", "ConsoleApp3\ConsoleApp3.csproj", "{D5A0C331-1146-494A-9AE5-75B6D4E12687}"
EndProject
Global
	GlobalSection(SolutionConfigurationPlatforms) = preSolution
		Debug|Any CPU = Debug|Any CPU
		Release|Any CPU = Release|Any CPU
	EndGlobalSection
	GlobalSection(ProjectConfigurationPlatforms) = postSolution
		{D5A0C331-1146-494A-9AE5-75B6D4E12687}.Debug|Any CPU.ActiveCfg = Debug|Any CPU
		{D5A0C331-1146-494A-9AE5-75B6D4E12687}.Debug|Any CPU.Build.0 = Debug|Any CPU
		{D5A0C331-1146-494A-9AE5-75B6D4E12687}.Release|Any CPU.ActiveCfg = Release|Any CPU
		{D5A0C331-1146-494A-9AE5-75B6D4E12687}.Release|Any CPU.Build.0 = Release|Any CPU
	EndGlobalSection
	GlobalSection(SolutionProperties) = preSolution
		HideSolutionNode = FALSE
	EndGlobalSection
	GlobalSection(ExtensibilityGlobals) = postSolution
		SolutionGuid = {9711759E-A06A-448C-9769-16B0D480AC8B}
	EndGlobalSection
EndGlobal
